{
  "name": "otp-generator-latest",
  "version": "1.0.0",
  "lockfileVersion": 2,
  "requires": true,
  "packages": {
    "": {
      "name": "otp-generator-latest",
      "version": "1.0.0",
      "license": "ISC",
      "dependencies": {
        "otp-generator-latest": "^1.0.0"
      }
    },
    "node_modules/otp-generator-latest": {
      "version": "1.0.0",
      "resolved": "https://registry.npmjs.org/otp-generator-latest/-/otp-generator-latest-1.0.0.tgz",
      "integrity": "sha512-G3R453fe04Ah6l30hIUJvP1XRntD0cJ6/N5Nx6BFcDKQhpZwZBX4H5rBRYCUoZGht5jPskteYkGfFCyxRhaTNQ=="
    }
  },
  "dependencies": {
    "otp-generator-latest": {
      "version": "1.0.0",
      "resolved": "https://registry.npmjs.org/otp-generator-latest/-/otp-generator-latest-1.0.0.tgz",
      "integrity": "sha512-G3R453fe04Ah6l30hIUJvP1XRntD0cJ6/N5Nx6BFcDKQhpZwZBX4H5rBRYCUoZGht5jPskteYkGfFCyxRhaTNQ=="
    }
  }
}
